{"1.1.0",
[{<<"base16">>,{pkg,<<"base16">>,<<"1.0.0">>},1},
 {<<"bear">>,{pkg,<<"bear">>,<<"0.8.7">>},1},
 {<<"brod">>,{pkg,<<"brod">>,<<"3.14.0">>},0},
 {<<"cowboy">>,{pkg,<<"cowboy">>,<<"2.7.0">>},0},
 {<<"cowlib">>,{pkg,<<"cowlib">>,<<"2.8.0">>},1},
 {<<"crc32cer">>,{pkg,<<"crc32cer">>,<<"0.1.4">>},2},
 {<<"eini">>,{pkg,<<"eini">>,<<"1.2.7">>},1},
 {<<"epgsql">>,{pkg,<<"epgsql">>,<<"4.4.0">>},0},
 {<<"erlcloud">>,{pkg,<<"erlcloud">>,<<"3.2.18">>},0},
 {<<"hut">>,{pkg,<<"hut">>,<<"1.3.0">>},0},
 {<<"jsone">>,{pkg,<<"jsone">>,<<"1.5.2">>},0},
 {<<"jsx">>,{pkg,<<"jsx">>,<<"2.9.0">>},1},
 {<<"kafka_protocol">>,{pkg,<<"kafka_protocol">>,<<"2.3.6">>},1},
 {<<"lhttpc">>,{pkg,<<"lhttpc">>,<<"1.6.2">>},1},
 {<<"prometheus">>,{pkg,<<"prometheus">>,<<"4.4.1">>},0},
 {<<"proper">>,{pkg,<<"proper">>,<<"1.3.0">>},1},
 {<<"ranch">>,{pkg,<<"ranch">>,<<"1.7.1">>},1},
 {<<"snabbkaffe">>,{pkg,<<"snabbkaffe">>,<<"0.6.0">>},0},
 {<<"snappyer">>,{pkg,<<"snappyer">>,<<"1.2.5">>},2},
 {<<"supervisor3">>,{pkg,<<"supervisor3">>,<<"1.1.11">>},1}]}.
[
{pkg_hash,[
 {<<"base16">>, <<"283644E2B21BD5915ACB7178BED7851FB07C6E5749B8FAD68A53C501092176D9">>},
 {<<"bear">>, <<"16264309AE5D005D03718A5C82641FCC259C9E8F09ADEB6FD79CA4271168656F">>},
 {<<"brod">>, <<"F959408E88ACD0FECA22F6A43CA26E70201C6E5C57DC74B87F08EF65A5E7FE18">>},
 {<<"cowboy">>, <<"91ED100138A764355F43316B1D23D7FF6BDB0DE4EA618CB5D8677C93A7A2F115">>},
 {<<"cowlib">>, <<"FD0FF1787DB84AC415B8211573E9A30A3EBE71B5CBFF7F720089972B2319C8A4">>},
 {<<"crc32cer">>, <<"A656DFF19474D1A1FC5BB0081610AB6B0695B23AFFC47FA90ABEB079A8EF9752">>},
 {<<"eini">>, <<"EFC9D836E88591A47550BD34CE964E21CA1369F8716B24F73CFEA513FA99F666">>},
 {<<"epgsql">>, <<"8FE21C9C6651A4286CF57E33719DF0CF70685879E50EF6B4D0CCD95E5006206D">>},
 {<<"erlcloud">>, <<"441178CA5FCF52291E1E23E31D9E33A5F04B9B14BD7CDF32ECCF484132B8949C">>},
 {<<"hut">>, <<"71F2F054E657C03F959CF1ACC43F436EA87580696528CA2A55C8AFB1B06C85E7">>},
 {<<"jsone">>, <<"87ADEA283C9CF24767B4DEED44602989A5331156DF5D60A2660E9C9114D54046">>},
 {<<"jsx">>, <<"D2F6E5F069C00266CAD52FB15D87C428579EA4D7D73A33669E12679E203329DD">>},
 {<<"kafka_protocol">>, <<"DF076A8EF49FFFAE3535C805CB00F3A057CE1895E63398BF8A10569EEEAC02F8">>},
 {<<"lhttpc">>, <<"044F16F0018C7AA7E945E9E9406C7F6035E0B8BC08BF77B00C78CE260E1071E3">>},
 {<<"prometheus">>, <<"1E96073B3ED7788053768FEA779CBC896DDC3BDD9BA60687F2AD50B252AC87D6">>},
 {<<"proper">>, <<"C1ACD51C51DA17A2FE91D7A6FC6A0C25A6A9849D8DC77093533109D1218D8457">>},
 {<<"ranch">>, <<"6B1FAB51B49196860B733A49C07604465A47BDB78AA10C1C16A3D199F7F8C881">>},
 {<<"snabbkaffe">>, <<"20B22E85F97630BB533F211218DA61F86EC4C482D5EE02048D431D8609EA0288">>},
 {<<"snappyer">>, <<"9154B9AC84031F0A799F72A4AA87DF23AB2193B5631475FA2CDC304382D2DF77">>},
 {<<"supervisor3">>, <<"D81CDEC31D102FDE407423E1D05B569572850DEEBED86B951D5233C387CBA80B">>}]}
].
